
Microsoft Visual Studio Solution File, Format Version 12.00
# Visual Studio Version 17
VisualStudioVersion = 17.6.33829.357
MinimumVisualStudioVersion = 10.0.40219.1
Project("{FAE04EC0-301F-11D3-BF4B-00C04F79EFBC}") = "DelegeTask", "DelegeTask\DelegeTask.csproj", "{0DECB2EE-707A-4A1E-9F4B-82973DDF0357}"
EndProject
Global
	GlobalSection(SolutionConfigurationPlatforms) = preSolution
		Debug|Any CPU = Debug|Any CPU
		Release|Any CPU = Release|Any CPU
	EndGlobalSection
	GlobalSection(ProjectConfigurationPlatforms) = postSolution
		{0DECB2EE-707A-4A1E-9F4B-82973DDF0357}.Debug|Any CPU.ActiveCfg = Debug|Any CPU
		{0DECB2EE-707A-4A1E-9F4B-82973DDF0357}.Debug|Any CPU.Build.0 = Debug|Any CPU
		{0DECB2EE-707A-4A1E-9F4B-82973DDF0357}.Release|Any CPU.ActiveCfg = Release|Any CPU
		{0DECB2EE-707A-4A1E-9F4B-82973DDF0357}.Release|Any CPU.Build.0 = Release|Any CPU
	EndGlobalSection
	GlobalSection(SolutionProperties) = preSolution
		HideSolutionNode = FALSE
	EndGlobalSection
	GlobalSection(ExtensibilityGlobals) = postSolution
		SolutionGuid = {EA608C72-2F40-4786-A8C3-75A7C734C22F}
	EndGlobalSection
EndGlobal
